// !$*UTF8*$!
{
	archiveVersion = 1;
	classes = {
	};
	objectVersion = 56;
	objects = {

/* Begin PBXBuildFile section */
		4713516F29736DEB0044E8A4 /* FoodLibrary.swift in Sources */ = {isa = PBXBuildFile; fileRef = 4713516E29736DEB0044E8A4 /* FoodLibrary.swift */; };
		47A5C245297389510004F2FA /* FoodLibPage1.swift in Sources */ = {isa = PBXBuildFile; fileRef = 47A5C244297389510004F2FA /* FoodLibPage1.swift */; };
		47A5C24729738D990004F2FA /* FoodLibPage2.swift in Sources */ = {isa = PBXBuildFile; fileRef = 47A5C24629738D980004F2FA /* FoodLibPage2.swift */; };
		47A5C24929738DAE0004F2FA /* FoodLibPage3.swift in Sources */ = {isa = PBXBuildFile; fileRef = 47A5C24829738DAE0004F2FA /* FoodLibPage3.swift */; };
		47A5C24B29738E000004F2FA /* FoodLibPage4.swift in Sources */ = {isa = PBXBuildFile; fileRef = 47A5C24A29738E000004F2FA /* FoodLibPage4.swift */; };
		AF5FF2D329734D0A00B8741E /* ProtrackApp.swift in Sources */ = {isa = PBXBuildFile; fileRef = AF5FF2D229734D0A00B8741E /* ProtrackApp.swift */; };
		AF5FF2D529734D0A00B8741E /* ContentView.swift in Sources */ = {isa = PBXBuildFile; fileRef = AF5FF2D429734D0A00B8741E /* ContentView.swift */; };
		AF5FF2D729734D0C00B8741E /* Assets.xcassets in Resources */ = {isa = PBXBuildFile; fileRef = AF5FF2D629734D0C00B8741E /* Assets.xcassets */; };
		AF5FF2DA29734D0C00B8741E /* Preview Assets.xcassets in Resources */ = {isa = PBXBuildFile; fileRef = AF5FF2D929734D0C00B8741E /* Preview Assets.xcassets */; };
		AF5FF2E429734D0C00B8741E /* ProtrackTests.swift in Sources */ = {isa = PBXBuildFile; fileRef = AF5FF2E329734D0C00B8741E /* ProtrackTests.swift */; };
		AF5FF2EE29734D0C00B8741E /* ProtrackUITests.swift in Sources */ = {isa = PBXBuildFile; fileRef = AF5FF2ED29734D0C00B8741E /* ProtrackUITests.swift */; };
		AF5FF2F029734D0C00B8741E /* ProtrackUITestsLaunchTests.swift in Sources */ = {isa = PBXBuildFile; fileRef = AF5FF2EF29734D0C00B8741E /* ProtrackUITestsLaunchTests.swift */; };
		AF77A2652973FD33001B8956 /* FoodClass.swift in Sources */ = {isa = PBXBuildFile; fileRef = AF77A2642973FD33001B8956 /* FoodClass.swift */; };
/* End PBXBuildFile section */

/* Begin PBXContainerItemProxy section */
		AF5FF2E029734D0C00B8741E /* PBXContainerItemProxy */ = {
			isa = PBXContainerItemProxy;
			containerPortal = AF5FF2C729734D0A00B8741E /* Project object */;
			proxyType = 1;
			remoteGlobalIDString = AF5FF2CE29734D0A00B8741E;
			remoteInfo = Protrack;
		};
		AF5FF2EA29734D0C00B8741E /* PBXContainerItemProxy */ = {
			isa = PBXContainerItemProxy;
			containerPortal = AF5FF2C729734D0A00B8741E /* Project object */;
			proxyType = 1;
			remoteGlobalIDString = AF5FF2CE29734D0A00B8741E;
			remoteInfo = Protrack;
		};
/* End PBXContainerItemProxy section */

/* Begin PBXFileReference section */
		4713516E29736DEB0044E8A4 /* FoodLibrary.swift */ = {isa = PBXFileReference; lastKnownFileType = sourcecode.swift; path = FoodLibrary.swift; sourceTree = "<group>"; };
		47A5C244297389510004F2FA /* FoodLibPage1.swift */ = {isa = PBXFileReference; lastKnownFileType = sourcecode.swift; path = FoodLibPage1.swift; sourceTree = "<group>"; };
		47A5C24629738D980004F2FA /* FoodLibPage2.swift */ = {isa = PBXFileReference; lastKnownFileType = sourcecode.swift; path = FoodLibPage2.swift; sourceTree = "<group>"; };
		47A5C24829738DAE0004F2FA /* FoodLibPage3.swift */ = {isa = PBXFileReference; lastKnownFileType = sourcecode.swift; path = FoodLibPage3.swift; sourceTree = "<group>"; };
		47A5C24A29738E000004F2FA /* FoodLibPage4.swift */ = {isa = PBXFileReference; lastKnownFileType = sourcecode.swift; path = FoodLibPage4.swift; sourceTree = "<group>"; };
		AF5FF2CF29734D0A00B8741E /* Protrack.app */ = {isa = PBXFileReference; explicitFileType = wrapper.application; includeInIndex = 0; path = Protrack.app; sourceTree = BUILT_PRODUCTS_DIR; };
		AF5FF2D229734D0A00B8741E /* ProtrackApp.swift */ = {isa = PBXFileReference; lastKnownFileType = sourcecode.swift; path = ProtrackApp.swift; sourceTree = "<group>"; };
		AF5FF2D429734D0A00B8741E /* ContentView.swift */ = {isa = PBXFileReference; lastKnownFileType = sourcecode.swift; path = ContentView.swift; sourceTree = "<group>"; };
		AF5FF2D629734D0C00B8741E /* Assets.xcassets */ = {isa = PBXFileReference; lastKnownFileType = folder.assetcatalog; path = Assets.xcassets; sourceTree = "<group>"; };
		AF5FF2D929734D0C00B8741E /* Preview Assets.xcassets */ = {isa = PBXFileReference; lastKnownFileType = folder.assetcatalog; path = "Preview Assets.xcassets"; sourceTree = "<group>"; };
		AF5FF2DF29734D0C00B8741E /* ProtrackTests.xctest */ = {isa = PBXFileReference; explicitFileType = wrapper.cfbundle; includeInIndex = 0; path = ProtrackTests.xctest; sourceTree = BUILT_PRODUCTS_DIR; };
		AF5FF2E329734D0C00B8741E /* ProtrackTests.swift */ = {isa = PBXFileReference; lastKnownFileType = sourcecode.swift; path = ProtrackTests.swift; sourceTree = "<group>"; };
		AF5FF2E929734D0C00B8741E /* ProtrackUITests.xctest */ = {isa = PBXFileReference; explicitFileType = wrapper.cfbundle; includeInIndex = 0; path = ProtrackUITests.xctest; sourceTree = BUILT_PRODUCTS_DIR; };
		AF5FF2ED29734D0C00B8741E /* ProtrackUITests.swift */ = {isa = PBXFileReference; lastKnownFileType = sourcecode.swift; path = ProtrackUITests.swift; sourceTree = "<group>"; };
		AF5FF2EF29734D0C00B8741E /* ProtrackUITestsLaunchTests.swift */ = {isa = PBXFileReference; lastKnownFileType = sourcecode.swift; path = ProtrackUITestsLaunchTests.swift; sourceTree = "<group>"; };
		AF77A2642973FD33001B8956 /* FoodClass.swift */ = {isa = PBXFileReference; lastKnownFileType = sourcecode.swift; path = FoodClass.swift; sourceTree = "<group>"; };
/* End PBXFileReference section */

/* Begin PBXFrameworksBuildPhase section */
		AF5FF2CC29734D0A00B8741E /* Frameworks */ = {
			isa = PBXFrameworksBuildPhase;
			buildActionMask = 2147483647;
			files = (
			);
			runOnlyForDeploymentPostprocessing = 0;
		};
		AF5FF2DC29734D0C00B8741E /* Frameworks */ = {
			isa = PBXFrameworksBuildPhase;
			buildActionMask = 2147483647;
			files = (
			);
			runOnlyForDeploymentPostprocessing = 0;
		};
		AF5FF2E629734D0C00B8741E /* Frameworks */ = {
			isa = PBXFrameworksBuildPhase;
			buildActionMask = 2147483647;
			files = (
			);
			runOnlyForDeploymentPostprocessing = 0;
		};
/* End PBXFrameworksBuildPhase section */

/* Begin PBXGroup section */
		AF5FF2C629734D0A00B8741E = {
			isa = PBXGroup;
			children = (
				AF5FF2D129734D0A00B8741E /* Protrack */,
				AF5FF2E229734D0C00B8741E /* ProtrackTests */,
				AF5FF2EC29734D0C00B8741E /* ProtrackUITests */,
				AF5FF2D029734D0A00B8741E /* Products */,
			);
			sourceTree = "<group>";
		};
		AF5FF2D029734D0A00B8741E /* Products */ = {
			isa = PBXGroup;
			children = (
				AF5FF2CF29734D0A00B8741E /* Protrack.app */,
				AF5FF2DF29734D0C00B8741E /* ProtrackTests.xctest */,
				AF5FF2E929734D0C00B8741E /* ProtrackUITests.xctest */,
			);
			name = Products;
			sourceTree = "<group>";
		};
		AF5FF2D129734D0A00B8741E /* Protrack */ = {
			isa = PBXGroup;
			children = (
				AF5FF2D229734D0A00B8741E /* ProtrackApp.swift */,
				AF5FF2D429734D0A00B8741E /* ContentView.swift */,
				4713516E29736DEB0044E8A4 /* FoodLibrary.swift */,
				47A5C24A29738E000004F2FA /* FoodLibPage4.swift */,
				47A5C24629738D980004F2FA /* FoodLibPage2.swift */,
				47A5C24829738DAE0004F2FA /* FoodLibPage3.swift */,
				47A5C244297389510004F2FA /* FoodLibPage1.swift */,
				AF77A2642973FD33001B8956 /* FoodClass.swift */,
				AF5FF2D629734D0C00B8741E /* Assets.xcassets */,
				AF5FF2D829734D0C00B8741E /* Preview Content */,
			);
			path = Protrack;
			sourceTree = "<group>";
		};
		AF5FF2D829734D0C00B8741E /* Preview Content */ = {
			isa = PBXGroup;
			children = (
				AF5FF2D929734D0C00B8741E /* Preview Assets.xcassets */,
			);
			path = "Preview Content";
			sourceTree = "<group>";
		};
		AF5FF2E229734D0C00B8741E /* ProtrackTests */ = {
			isa = PBXGroup;
			children = (
				AF5FF2E329734D0C00B8741E /* ProtrackTests.swift */,
			);
			path = ProtrackTests;
			sourceTree = "<group>";
		};
		AF5FF2EC29734D0C00B8741E /* ProtrackUITests */ = {
			isa = PBXGroup;
			children = (
				AF5FF2ED29734D0C00B8741E /* ProtrackUITests.swift */,
				AF5FF2EF29734D0C00B8741E /* ProtrackUITestsLaunchTests.swift */,
			);
			path = ProtrackUITests;
			sourceTree = "<group>";
		};
/* End PBXGroup section */

/* Begin PBXNativeTarget section */
		AF5FF2CE29734D0A00B8741E /* Protrack */ = {
			isa = PBXNativeTarget;
			buildConfigurationList = AF5FF2F329734D0C00B8741E /* Build configuration list for PBXNativeTarget "Protrack" */;
			buildPhases = (
				AF5FF2CB29734D0A00B8741E /* Sources */,
				AF5FF2CC29734D0A00B8741E /* Frameworks */,
				AF5FF2CD29734D0A00B8741E /* Resources */,
			);
			buildRules = (
			);
			dependencies = (
			);
			name = Protrack;
			productName = Protrack;
			productReference = AF5FF2CF29734D0A00B8741E /* Protrack.app */;
			productType = "com.apple.product-type.application";
		};
		AF5FF2DE29734D0C00B8741E /* ProtrackTests */ = {
			isa = PBXNativeTarget;
			buildConfigurationList = AF5FF2F629734D0C00B8741E /* Build configuration list for PBXNativeTarget "ProtrackTests" */;
			buildPhases = (
				AF5FF2DB29734D0C00B8741E /* Sources */,
				AF5FF2DC29734D0C00B8741E /* Frameworks */,
				AF5FF2DD29734D0C00B8741E /* Resources */,
			);
			buildRules = (
			);
			dependencies = (
				AF5FF2E129734D0C00B8741E /* PBXTargetDependency */,
			);
			name = ProtrackTests;
			productName = ProtrackTests;
			productReference = AF5FF2DF29734D0C00B8741E /* ProtrackTests.xctest */;
			productType = "com.apple.product-type.bundle.unit-test";
		};
		AF5FF2E829734D0C00B8741E /* ProtrackUITests */ = {
			isa = PBXNativeTarget;
			buildConfigurationList = AF5FF2F929734D0C00B8741E /* Build configuration list for PBXNativeTarget "ProtrackUITests" */;
			buildPhases = (
				AF5FF2E529734D0C00B8741E /* Sources */,
				AF5FF2E629734D0C00B8741E /* Frameworks */,
				AF5FF2E729734D0C00B8741E /* Resources */,
			);
			buildRules = (
			);
			dependencies = (
				AF5FF2EB29734D0C00B8741E /* PBXTargetDependency */,
			);
			name = ProtrackUITests;
			productName = ProtrackUITests;
			productReference = AF5FF2E929734D0C00B8741E /* ProtrackUITests.xctest */;
			productType = "com.apple.product-type.bundle.ui-testing";
		};
/* End PBXNativeTarget section */

/* Begin PBXProject section */
		AF5FF2C729734D0A00B8741E /* Project object */ = {
			isa = PBXProject;
			attributes = {
				BuildIndependentTargetsInParallel = 1;
				LastSwiftUpdateCheck = 1420;
				LastUpgradeCheck = 1420;
				TargetAttributes = {
					AF5FF2CE29734D0A00B8741E = {
						CreatedOnToolsVersion = 14.2;
					};
					AF5FF2DE29734D0C00B8741E = {
						CreatedOnToolsVersion = 14.2;
						TestTargetID = AF5FF2CE29734D0A00B8741E;
					};
					AF5FF2E829734D0C00B8741E = {
						CreatedOnToolsVersion = 14.2;
						TestTargetID = AF5FF2CE29734D0A00B8741E;
					};
				};
			};
			buildConfigurationList = AF5FF2CA29734D0A00B8741E /* Build configuration list for PBXProject "Protrack" */;
			compatibilityVersion = "Xcode 14.0";
			developmentRegion = en;
			hasScannedForEncodings = 0;
			knownRegions = (
				en,
				Base,
			);
			mainGroup = AF5FF2C629734D0A00B8741E;
			productRefGroup = AF5FF2D029734D0A00B8741E /* Products */;
			projectDirPath = "";
			projectRoot = "";
			targets = (
				AF5FF2CE29734D0A00B8741E /* Protrack */,
				AF5FF2DE29734D0C00B8741E /* ProtrackTests */,
				AF5FF2E829734D0C00B8741E /* ProtrackUITests */,
			);
		};
/* End PBXProject section */

/* Begin PBXResourcesBuildPhase section */
		AF5FF2CD29734D0A00B8741E /* Resources */ = {
			isa = PBXResourcesBuildPhase;
			buildActionMask = 2147483647;
			files = (
				AF5FF2DA29734D0C00B8741E /* Preview Assets.xcassets in Resources */,
				AF5FF2D729734D0C00B8741E /* Assets.xcassets in Resources */,
			);
			runOnlyForDeploymentPostprocessing = 0;
		};
		AF5FF2DD29734D0C00B8741E /* Resources */ = {
			isa = PBXResourcesBuildPhase;
			buildActionMask = 2147483647;
			files = (
			);
			runOnlyForDeploymentPostprocessing = 0;
		};
		AF5FF2E729734D0C00B8741E /* Resources */ = {
			isa = PBXResourcesBuildPhase;
			buildActionMask = 2147483647;
			files = (
			);
			runOnlyForDeploymentPostprocessing = 0;
		};
/* End PBXResourcesBuildPhase section */

/* Begin PBXSourcesBuildPhase section */
		AF5FF2CB29734D0A00B8741E /* Sources */ = {
			isa = PBXSourcesBuildPhase;
			buildActionMask = 2147483647;
			files = (
				AF77A2652973FD33001B8956 /* FoodClass.swift in Sources */,
				47A5C24929738DAE0004F2FA /* FoodLibPage3.swift in Sources */,
				47A5C24729738D990004F2FA /* FoodLibPage2.swift in Sources */,
				AF5FF2D529734D0A00B8741E /* ContentView.swift in Sources */,
				AF5FF2D329734D0A00B8741E /* ProtrackApp.swift in Sources */,
				47A5C24B29738E000004F2FA /* FoodLibPage4.swift in Sources */,
				47A5C245297389510004F2FA /* FoodLibPage1.swift in Sources */,
				4713516F29736DEB0044E8A4 /* FoodLibrary.swift in Sources */,
			);
			runOnlyForDeploymentPostprocessing = 0;
		};
		AF5FF2DB29734D0C00B8741E /* Sources */ = {
			isa = PBXSourcesBuildPhase;
			buildActionMask = 2147483647;
			files = (
				AF5FF2E429734D0C00B8741E /* ProtrackTests.swift in Sources */,
			);
			runOnlyForDeploymentPostprocessing = 0;
		};
		AF5FF2E529734D0C00B8741E /* Sources */ = {
			isa = PBXSourcesBuildPhase;
			buildActionMask = 2147483647;
			files = (
				AF5FF2F029734D0C00B8741E /* ProtrackUITestsLaunchTests.swift in Sources */,
				AF5FF2EE29734D0C00B8741E /* ProtrackUITests.swift in Sources */,
			);
			runOnlyForDeploymentPostprocessing = 0;
		};
/* End PBXSourcesBuildPhase section */

/* Begin PBXTargetDependency section */
		AF5FF2E129734D0C00B8741E /* PBXTargetDependency */ = {
			isa = PBXTargetDependency;
			target = AF5FF2CE29734D0A00B8741E /* Protrack */;
			targetProxy = AF5FF2E029734D0C00B8741E /* PBXContainerItemProxy */;
		};
		AF5FF2EB29734D0C00B8741E /* PBXTargetDependency */ = {
			isa = PBXTargetDependency;
			target = AF5FF2CE29734D0A00B8741E /* Protrack */;
			targetProxy = AF5FF2EA29734D0C00B8741E /* PBXContainerItemProxy */;
		};
/* End PBXTargetDependency section */

/* Begin XCBuildConfiguration section */
		AF5FF2F129734D0C00B8741E /* Debug */ = {
			isa = XCBuildConfiguration;
			buildSettings = {
				ALWAYS_SEARCH_USER_PATHS = NO;
				CLANG_ANALYZER_NONNULL = YES;
				CLANG_ANALYZER_NUMBER_OBJECT_CONVERSION = YES_AGGRESSIVE;
				CLANG_CXX_LANGUAGE_STANDARD = "gnu++20";
				CLANG_ENABLE_MODULES = YES;
				CLANG_ENABLE_OBJC_ARC = YES;
				CLANG_ENABLE_OBJC_WEAK = YES;
				CLANG_WARN_BLOCK_CAPTURE_AUTORELEASING = YES;
				CLANG_WARN_BOOL_CONVERSION = YES;
				CLANG_WARN_COMMA = YES;
				CLANG_WARN_CONSTANT_CONVERSION = YES;
				CLANG_WARN_DEPRECATED_OBJC_IMPLEMENTATIONS = YES;
				CLANG_WARN_DIRECT_OBJC_ISA_USAGE = YES_ERROR;
				CLANG_WARN_DOCUMENTATION_COMMENTS = YES;
				CLANG_WARN_EMPTY_BODY = YES;
				CLANG_WARN_ENUM_CONVERSION = YES;
				CLANG_WARN_INFINITE_RECURSION = YES;
				CLANG_WARN_INT_CONVERSION = YES;
				CLANG_WARN_NON_LITERAL_NULL_CONVERSION = YES;
				CLANG_WARN_OBJC_IMPLICIT_RETAIN_SELF = YES;
				CLANG_WARN_OBJC_LITERAL_CONVERSION = YES;
				CLANG_WARN_OBJC_ROOT_CLASS = YES_ERROR;
				CLANG_WARN_QUOTED_INCLUDE_IN_FRAMEWORK_HEADER = YES;
				CLANG_WARN_RANGE_LOOP_ANALYSIS = YES;
				CLANG_WARN_STRICT_PROTOTYPES = YES;
				CLANG_WARN_SUSPICIOUS_MOVE = YES;
				CLANG_WARN_UNGUARDED_AVAILABILITY = YES_AGGRESSIVE;
				CLANG_WARN_UNREACHABLE_CODE = YES;
				CLANG_WARN__DUPLICATE_METHOD_MATCH = YES;
				COPY_PHASE_STRIP = NO;
				DEBUG_INFORMATION_FORMAT = dwarf;
				ENABLE_STRICT_OBJC_MSGSEND = YES;
				ENABLE_TESTABILITY = YES;
				GCC_C_LANGUAGE_STANDARD = gnu11;
				GCC_DYNAMIC_NO_PIC = NO;
				GCC_NO_COMMON_BLOCKS = YES;
				GCC_OPTIMIZATION_LEVEL = 0;
				GCC_PREPROCESSOR_DEFINITIONS = (
					"DEBUG=1",
					"$(inherited)",
				);
				GCC_WARN_64_TO_32_BIT_CONVERSION = YES;
				GCC_WARN_ABOUT_RETURN_TYPE = YES_ERROR;
				GCC_WARN_UNDECLARED_SELECTOR = YES;
				GCC_WARN_UNINITIALIZED_AUTOS = YES_AGGRESSIVE;
				GCC_WARN_UNUSED_FUNCTION = YES;
				GCC_WARN_UNUSED_VARIABLE = YES;
				IPHONEOS_DEPLOYMENT_TARGET = 16.2;
				MTL_ENABLE_DEBUG_INFO = INCLUDE_SOURCE;
				MTL_FAST_MATH = YES;
				ONLY_ACTIVE_ARCH = YES;
				SDKROOT = iphoneos;
				SWIFT_ACTIVE_COMPILATION_CONDITIONS = DEBUG;
				SWIFT_OPTIMIZATION_LEVEL = "-Onone";
			};
			name = Debug;
		};
		AF5FF2F229734D0C00B8741E /* Release */ = {
			isa = XCBuildConfiguration;
			buildSettings = {
				ALWAYS_SEARCH_USER_PATHS = NO;
				CLANG_ANALYZER_NONNULL = YES;
				CLANG_ANALYZER_NUMBER_OBJECT_CONVERSION = YES_AGGRESSIVE;
				CLANG_CXX_LANGUAGE_STANDARD = "gnu++20";
				CLANG_ENABLE_MODULES = YES;
				CLANG_ENABLE_OBJC_ARC = YES;
				CLANG_ENABLE_OBJC_WEAK = YES;
				CLANG_WARN_BLOCK_CAPTURE_AUTORELEASING = YES;
				CLANG_WARN_BOOL_CONVERSION = YES;
				CLANG_WARN_COMMA = YES;
				CLANG_WARN_CONSTANT_CONVERSION = YES;
				CLANG_WARN_DEPRECATED_OBJC_IMPLEMENTATIONS = YES;
				CLANG_WARN_DIRECT_OBJC_ISA_USAGE = YES_ERROR;
				CLANG_WARN_DOCUMENTATION_COMMENTS = YES;
				CLANG_WARN_EMPTY_BODY = YES;
				CLANG_WARN_ENUM_CONVERSION = YES;
				CLANG_WARN_INFINITE_RECURSION = YES;
				CLANG_WARN_INT_CONVERSION = YES;
				CLANG_WARN_NON_LITERAL_NULL_CONVERSION = YES;
				CLANG_WARN_OBJC_IMPLICIT_RETAIN_SELF = YES;
				CLANG_WARN_OBJC_LITERAL_CONVERSION = YES;
				CLANG_WARN_OBJC_ROOT_CLASS = YES_ERROR;
				CLANG_WARN_QUOTED_INCLUDE_IN_FRAMEWORK_HEADER = YES;
				CLANG_WARN_RANGE_LOOP_ANALYSIS = YES;
				CLANG_WARN_STRICT_PROTOTYPES = YES;
				CLANG_WARN_SUSPICIOUS_MOVE = YES;
				CLANG_WARN_UNGUARDED_AVAILABILITY = YES_AGGRESSIVE;
				CLANG_WARN_UNREACHABLE_CODE = YES;
				CLANG_WARN__DUPLICATE_METHOD_MATCH = YES;
				COPY_PHASE_STRIP = NO;
				DEBUG_INFORMATION_FORMAT = "dwarf-with-dsym";
				ENABLE_NS_ASSERTIONS = NO;
				ENABLE_STRICT_OBJC_MSGSEND = YES;
				GCC_C_LANGUAGE_STANDARD = gnu11;
				GCC_NO_COMMON_BLOCKS = YES;
				GCC_WARN_64_TO_32_BIT_CONVERSION = YES;
				GCC_WARN_ABOUT_RETURN_TYPE = YES_ERROR;
				GCC_WARN_UNDECLARED_SELECTOR = YES;
				GCC_WARN_UNINITIALIZED_AUTOS = YES_AGGRESSIVE;
				GCC_WARN_UNUSED_FUNCTION = YES;
				GCC_WARN_UNUSED_VARIABLE = YES;
				IPHONEOS_DEPLOYMENT_TARGET = 16.2;
				MTL_ENABLE_DEBUG_INFO = NO;
				MTL_FAST_MATH = YES;
				SDKROOT = iphoneos;
				SWIFT_COMPILATION_MODE = wholemodule;
				SWIFT_OPTIMIZATION_LEVEL = "-O";
				VALIDATE_PRODUCT = YES;
			};
			name = Release;
		};
		AF5FF2F429734D0C00B8741E /* Debug */ = {
			isa = XCBuildConfiguration;
			buildSettings = {
				ASSETCATALOG_COMPILER_APPICON_NAME = AppIcon;
				ASSETCATALOG_COMPILER_GLOBAL_ACCENT_COLOR_NAME = AccentColor;
				CODE_SIGN_STYLE = Automatic;
				CURRENT_PROJECT_VERSION = 1;
				DEVELOPMENT_ASSET_PATHS = "\"Protrack/Preview Content\"";
				DEVELOPMENT_TEAM = D9JAJVCS3Y;
				ENABLE_PREVIEWS = YES;
				GENERATE_INFOPLIST_FILE = YES;
				INFOPLIST_KEY_UIApplicationSceneManifest_Generation = YES;
				INFOPLIST_KEY_UIApplicationSupportsIndirectInputEvents = YES;
				INFOPLIST_KEY_UILaunchScreen_Generation = YES;
				INFOPLIST_KEY_UISupportedInterfaceOrientations_iPad = "UIInterfaceOrientationPortrait UIInterfaceOrientationPortraitUpsideDown UIInterfaceOrientationLandscapeLeft UIInterfaceOrientationLandscapeRight";
				INFOPLIST_KEY_UISupportedInterfaceOrientations_iPhone = "UIInterfaceOrientationPortrait UIInterfaceOrientationLandscapeLeft UIInterfaceOrientationLandscapeRight";
				LD_RUNPATH_SEARCH_PATHS = (
					"$(inherited)",
					"@executable_path/Frameworks",
				);
				MARKETING_VERSION = 1.0;
				PRODUCT_BUNDLE_IDENTIFIER = com.prathmeshjain.Protrack;
				PRODUCT_NAME = "$(TARGET_NAME)";
				SWIFT_EMIT_LOC_STRINGS = YES;
				SWIFT_VERSION = 5.0;
				TARGETED_DEVICE_FAMILY = "1,2";
			};
			name = Debug;
		};
		AF5FF2F529734D0C00B8741E /* Release */ = {
			isa = XCBuildConfiguration;
			buildSettings = {
				ASSETCATALOG_COMPILER_APPICON_NAME = AppIcon;
				ASSETCATALOG_COMPILER_GLOBAL_ACCENT_COLOR_NAME = AccentColor;
				CODE_SIGN_STYLE = Automatic;
				CURRENT_PROJECT_VERSION = 1;
				DEVELOPMENT_ASSET_PATHS = "\"Protrack/Preview Content\"";
				DEVELOPMENT_TEAM = D9JAJVCS3Y;
				ENABLE_PREVIEWS = YES;
				GENERATE_INFOPLIST_FILE = YES;
				INFOPLIST_KEY_UIApplicationSceneManifest_Generation = YES;
				INFOPLIST_KEY_UIApplicationSupportsIndirectInputEvents = YES;
				INFOPLIST_KEY_UILaunchScreen_Generation = YES;
				INFOPLIST_KEY_UISupportedInterfaceOrientations_iPad = "UIInterfaceOrientationPortrait UIInterfaceOrientationPortraitUpsideDown UIInterfaceOrientationLandscapeLeft UIInterfaceOrientationLandscapeRight";
				INFOPLIST_KEY_UISupportedInterfaceOrientations_iPhone = "UIInterfaceOrientationPortrait UIInterfaceOrientationLandscapeLeft UIInterfaceOrientationLandscapeRight";
				LD_RUNPATH_SEARCH_PATHS = (
					"$(inherited)",
					"@executable_path/Frameworks",
				);
				MARKETING_VERSION = 1.0;
				PRODUCT_BUNDLE_IDENTIFIER = com.prathmeshjain.Protrack;
				PRODUCT_NAME = "$(TARGET_NAME)";
				SWIFT_EMIT_LOC_STRINGS = YES;
				SWIFT_VERSION = 5.0;
				TARGETED_DEVICE_FAMILY = "1,2";
			};
			name = Release;
		};
		AF5FF2F729734D0C00B8741E /* Debug */ = {
			isa = XCBuildConfiguration;
			buildSettings = {
				ALWAYS_EMBED_SWIFT_STANDARD_LIBRARIES = YES;
				BUNDLE_LOADER = "$(TEST_HOST)";
				CODE_SIGN_STYLE = Automatic;
				CURRENT_PROJECT_VERSION = 1;
				DEVELOPMENT_TEAM = D9JAJVCS3Y;
				GENERATE_INFOPLIST_FILE = YES;
				IPHONEOS_DEPLOYMENT_TARGET = 16.2;
				MARKETING_VERSION = 1.0;
				PRODUCT_BUNDLE_IDENTIFIER = com.prathmeshjain.ProtrackTests;
				PRODUCT_NAME = "$(TARGET_NAME)";
				SWIFT_EMIT_LOC_STRINGS = NO;
				SWIFT_VERSION = 5.0;
				TARGETED_DEVICE_FAMILY = "1,2";
				TEST_HOST = "$(BUILT_PRODUCTS_DIR)/Protrack.app/$(BUNDLE_EXECUTABLE_FOLDER_PATH)/Protrack";
			};
			name = Debug;
		};
		AF5FF2F829734D0C00B8741E /* Release */ = {
			isa = XCBuildConfiguration;
			buildSettings = {
				ALWAYS_EMBED_SWIFT_STANDARD_LIBRARIES = YES;
				BUNDLE_LOADER = "$(TEST_HOST)";
				CODE_SIGN_STYLE = Automatic;
				CURRENT_PROJECT_VERSION = 1;
				DEVELOPMENT_TEAM = D9JAJVCS3Y;
				GENERATE_INFOPLIST_FILE = YES;
				IPHONEOS_DEPLOYMENT_TARGET = 16.2;
				MARKETING_VERSION = 1.0;
				PRODUCT_BUNDLE_IDENTIFIER = com.prathmeshjain.ProtrackTests;
				PRODUCT_NAME = "$(TARGET_NAME)";
				SWIFT_EMIT_LOC_STRINGS = NO;
				SWIFT_VERSION = 5.0;
				TARGETED_DEVICE_FAMILY = "1,2";
				TEST_HOST = "$(BUILT_PRODUCTS_DIR)/Protrack.app/$(BUNDLE_EXECUTABLE_FOLDER_PATH)/Protrack";
			};
			name = Release;
		};
		AF5FF2FA29734D0C00B8741E /* Debug */ = {
			isa = XCBuildConfiguration;
			buildSettings = {
				ALWAYS_EMBED_SWIFT_STANDARD_LIBRARIES = YES;
				CODE_SIGN_STYLE = Automatic;
				CURRENT_PROJECT_VERSION = 1;
				DEVELOPMENT_TEAM = D9JAJVCS3Y;
				GENERATE_INFOPLIST_FILE = YES;
				MARKETING_VERSION = 1.0;
				PRODUCT_BUNDLE_IDENTIFIER = com.prathmeshjain.ProtrackUITests;
				PRODUCT_NAME = "$(TARGET_NAME)";
				SWIFT_EMIT_LOC_STRINGS = NO;
				SWIFT_VERSION = 5.0;
				TARGETED_DEVICE_FAMILY = "1,2";
				TEST_TARGET_NAME = Protrack;
			};
			name = Debug;
		};
		AF5FF2FB29734D0C00B8741E /* Release */ = {
			isa = XCBuildConfiguration;
			buildSettings = {
				ALWAYS_EMBED_SWIFT_STANDARD_LIBRARIES = YES;
				CODE_SIGN_STYLE = Automatic;
				CURRENT_PROJECT_VERSION = 1;
				DEVELOPMENT_TEAM = D9JAJVCS3Y;
				GENERATE_INFOPLIST_FILE = YES;
				MARKETING_VERSION = 1.0;
				PRODUCT_BUNDLE_IDENTIFIER = com.prathmeshjain.ProtrackUITests;
				PRODUCT_NAME = "$(TARGET_NAME)";
				SWIFT_EMIT_LOC_STRINGS = NO;
				SWIFT_VERSION = 5.0;
				TARGETED_DEVICE_FAMILY = "1,2";
				TEST_TARGET_NAME = Protrack;
			};
			name = Release;
		};
/* End XCBuildConfiguration section */

/* Begin XCConfigurationList section */
		AF5FF2CA29734D0A00B8741E /* Build configuration list for PBXProject "Protrack" */ = {
			isa = XCConfigurationList;
			buildConfigurations = (
				AF5FF2F129734D0C00B8741E /* Debug */,
				AF5FF2F229734D0C00B8741E /* Release */,
			);
			defaultConfigurationIsVisible = 0;
			defaultConfigurationName = Release;
		};
		AF5FF2F329734D0C00B8741E /* Build configuration list for PBXNativeTarget "Protrack" */ = {
			isa = XCConfigurationList;
			buildConfigurations = (
				AF5FF2F429734D0C00B8741E /* Debug */,
				AF5FF2F529734D0C00B8741E /* Release */,
			);
			defaultConfigurationIsVisible = 0;
			defaultConfigurationName = Release;
		};
		AF5FF2F629734D0C00B8741E /* Build configuration list for PBXNativeTarget "ProtrackTests" */ = {
			isa = XCConfigurationList;
			buildConfigurations = (
				AF5FF2F729734D0C00B8741E /* Debug */,
				AF5FF2F829734D0C00B8741E /* Release */,
			);
			defaultConfigurationIsVisible = 0;
			defaultConfigurationName = Release;
		};
		AF5FF2F929734D0C00B8741E /* Build configuration list for PBXNativeTarget "ProtrackUITests" */ = {
			isa = XCConfigurationList;
			buildConfigurations = (
				AF5FF2FA29734D0C00B8741E /* Debug */,
				AF5FF2FB29734D0C00B8741E /* Release */,
			);
			defaultConfigurationIsVisible = 0;
			defaultConfigurationName = Release;
		};
/* End XCConfigurationList section */
	};
	rootObject = AF5FF2C729734D0A00B8741E /* Project object */;
}
